
Microsoft Visual Studio Solution File, Format Version 12.00
# Visual Studio 2013
VisualStudioVersion = 12.0.31101.0
MinimumVisualStudioVersion = 10.0.40219.1
Project("{FAE04EC0-301F-11D3-BF4B-00C04F79EFBC}") = "Pop.Cs", "Pop.Cs\Pop.Cs.csproj", "{67F4EE66-476F-4EBF-969D-388327738918}"
EndProject
Project("{FAE04EC0-301F-11D3-BF4B-00C04F79EFBC}") = "Pop.Sample", "Pop.Sample\Pop.Sample.csproj", "{D27839D9-2529-4922-9C64-48F2C85F72FD}"
EndProject
Project("{F2A71F9B-5D33-465A-A702-920D77279786}") = "Pop", "Pop\Pop.fsproj", "{F18BDA6D-F6B8-4A2E-BE8B-42B566E267C0}"
EndProject
Project("{F2A71F9B-5D33-465A-A702-920D77279786}") = "PopFs.Tests", "PopFs.Tests\PopFs.Tests.fsproj", "{EE72305A-5BF9-4408-8D32-BF69C13343DA}"
EndProject
Project("{2150E333-8FDC-42A3-9474-1A3956D46DE8}") = ".nuget", ".nuget", "{DE55BAB4-A07E-4800-8AFC-B9F4DA6A59B2}"
	ProjectSection(SolutionItems) = preProject
		.nuget\packages.config = .nuget\packages.config
	EndProjectSection
EndProject
Project("{2150E333-8FDC-42A3-9474-1A3956D46DE8}") = "Solution Items", "Solution Items", "{FD3A6DEF-105D-40F9-A497-237351C1D0CB}"
	ProjectSection(SolutionItems) = preProject
		build.bat = build.bat
		build.fsx = build.fsx
		NuGet.exe = NuGet.exe
	EndProjectSection
EndProject
Global
	GlobalSection(SolutionConfigurationPlatforms) = preSolution
		Debug|Any CPU = Debug|Any CPU
		Release|Any CPU = Release|Any CPU
	EndGlobalSection
	GlobalSection(ProjectConfigurationPlatforms) = postSolution
		{67F4EE66-476F-4EBF-969D-388327738918}.Debug|Any CPU.ActiveCfg = Debug|Any CPU
		{67F4EE66-476F-4EBF-969D-388327738918}.Debug|Any CPU.Build.0 = Debug|Any CPU
		{67F4EE66-476F-4EBF-969D-388327738918}.Release|Any CPU.ActiveCfg = Release|Any CPU
		{67F4EE66-476F-4EBF-969D-388327738918}.Release|Any CPU.Build.0 = Release|Any CPU
		{D27839D9-2529-4922-9C64-48F2C85F72FD}.Debug|Any CPU.ActiveCfg = Debug|Any CPU
		{D27839D9-2529-4922-9C64-48F2C85F72FD}.Debug|Any CPU.Build.0 = Debug|Any CPU
		{D27839D9-2529-4922-9C64-48F2C85F72FD}.Release|Any CPU.ActiveCfg = Release|Any CPU
		{D27839D9-2529-4922-9C64-48F2C85F72FD}.Release|Any CPU.Build.0 = Release|Any CPU
		{F18BDA6D-F6B8-4A2E-BE8B-42B566E267C0}.Debug|Any CPU.ActiveCfg = Debug|Any CPU
		{F18BDA6D-F6B8-4A2E-BE8B-42B566E267C0}.Debug|Any CPU.Build.0 = Debug|Any CPU
		{F18BDA6D-F6B8-4A2E-BE8B-42B566E267C0}.Release|Any CPU.ActiveCfg = Release|Any CPU
		{F18BDA6D-F6B8-4A2E-BE8B-42B566E267C0}.Release|Any CPU.Build.0 = Release|Any CPU
		{EE72305A-5BF9-4408-8D32-BF69C13343DA}.Debug|Any CPU.ActiveCfg = Debug|Any CPU
		{EE72305A-5BF9-4408-8D32-BF69C13343DA}.Debug|Any CPU.Build.0 = Debug|Any CPU
		{EE72305A-5BF9-4408-8D32-BF69C13343DA}.Release|Any CPU.ActiveCfg = Release|Any CPU
		{EE72305A-5BF9-4408-8D32-BF69C13343DA}.Release|Any CPU.Build.0 = Release|Any CPU
	EndGlobalSection
	GlobalSection(SolutionProperties) = preSolution
		HideSolutionNode = FALSE
	EndGlobalSection
EndGlobal
