
Microsoft Visual Studio Solution File, Format Version 12.00
# Visual Studio 2013
VisualStudioVersion = 12.0.31101.0
MinimumVisualStudioVersion = 10.0.40219.1
Project("{FAE04EC0-301F-11D3-BF4B-00C04F79EFBC}") = "Pop.Cs", "Pop\Pop.Cs.csproj", "{67F4EE66-476F-4EBF-969D-388327738918}"
EndProject
Project("{FAE04EC0-301F-11D3-BF4B-00C04F79EFBC}") = "Pop.Tests", "Pop.Tests\Pop.Tests.csproj", "{EECC6B1C-10AD-4E63-BA2B-3B1F6F9C553C}"
EndProject
Project("{FAE04EC0-301F-11D3-BF4B-00C04F79EFBC}") = "Pop.Sample", "Pop.Sample\Pop.Sample.csproj", "{D27839D9-2529-4922-9C64-48F2C85F72FD}"
EndProject
Global
	GlobalSection(SolutionConfigurationPlatforms) = preSolution
		Debug|Any CPU = Debug|Any CPU
		Release|Any CPU = Release|Any CPU
	EndGlobalSection
	GlobalSection(ProjectConfigurationPlatforms) = postSolution
		{67F4EE66-476F-4EBF-969D-388327738918}.Debug|Any CPU.ActiveCfg = Debug|Any CPU
		{67F4EE66-476F-4EBF-969D-388327738918}.Debug|Any CPU.Build.0 = Debug|Any CPU
		{67F4EE66-476F-4EBF-969D-388327738918}.Release|Any CPU.ActiveCfg = Release|Any CPU
		{67F4EE66-476F-4EBF-969D-388327738918}.Release|Any CPU.Build.0 = Release|Any CPU
		{EECC6B1C-10AD-4E63-BA2B-3B1F6F9C553C}.Debug|Any CPU.ActiveCfg = Debug|Any CPU
		{EECC6B1C-10AD-4E63-BA2B-3B1F6F9C553C}.Debug|Any CPU.Build.0 = Debug|Any CPU
		{EECC6B1C-10AD-4E63-BA2B-3B1F6F9C553C}.Release|Any CPU.ActiveCfg = Release|Any CPU
		{EECC6B1C-10AD-4E63-BA2B-3B1F6F9C553C}.Release|Any CPU.Build.0 = Release|Any CPU
		{D27839D9-2529-4922-9C64-48F2C85F72FD}.Debug|Any CPU.ActiveCfg = Debug|Any CPU
		{D27839D9-2529-4922-9C64-48F2C85F72FD}.Debug|Any CPU.Build.0 = Debug|Any CPU
		{D27839D9-2529-4922-9C64-48F2C85F72FD}.Release|Any CPU.ActiveCfg = Release|Any CPU
		{D27839D9-2529-4922-9C64-48F2C85F72FD}.Release|Any CPU.Build.0 = Release|Any CPU
	EndGlobalSection
	GlobalSection(SolutionProperties) = preSolution
		HideSolutionNode = FALSE
	EndGlobalSection
EndGlobal
